// !$*UTF8*$!
{
	archiveVersion = 1;
	classes = {
	};
	objectVersion = 52;
	objects = {

/* Begin PBXBuildFile section */
		5A2C651B23DCB4C800D53FD0 /* AppDelegate.swift in Sources */ = {isa = PBXBuildFile; fileRef = 5A2C651A23DCB4C800D53FD0 /* AppDelegate.swift */; };
		5A2C651D23DCB4C800D53FD0 /* SceneDelegate.swift in Sources */ = {isa = PBXBuildFile; fileRef = 5A2C651C23DCB4C800D53FD0 /* SceneDelegate.swift */; };
		5A2C651F23DCB4C800D53FD0 /* ContentView.swift in Sources */ = {isa = PBXBuildFile; fileRef = 5A2C651E23DCB4C800D53FD0 /* ContentView.swift */; };
		5A2C652123DCB4C900D53FD0 /* Assets.xcassets in Resources */ = {isa = PBXBuildFile; fileRef = 5A2C652023DCB4C900D53FD0 /* Assets.xcassets */; };
		5A2C652423DCB4C900D53FD0 /* Preview Assets.xcassets in Resources */ = {isa = PBXBuildFile; fileRef = 5A2C652323DCB4C900D53FD0 /* Preview Assets.xcassets */; };
		5A2C652723DCB4C900D53FD0 /* LaunchScreen.storyboard in Resources */ = {isa = PBXBuildFile; fileRef = 5A2C652523DCB4C900D53FD0 /* LaunchScreen.storyboard */; };
		5A2C652F23DCB51700D53FD0 /* UserDataModel.swift in Sources */ = {isa = PBXBuildFile; fileRef = 5A2C652E23DCB51700D53FD0 /* UserDataModel.swift */; };
		5A2C653123DCB57C00D53FD0 /* CaptureView.swift in Sources */ = {isa = PBXBuildFile; fileRef = 5A2C653023DCB57C00D53FD0 /* CaptureView.swift */; };
		5A2C653323DCB59700D53FD0 /* LeaderboardView.swift in Sources */ = {isa = PBXBuildFile; fileRef = 5A2C653223DCB59700D53FD0 /* LeaderboardView.swift */; };
		5A2C653523DCB59E00D53FD0 /* ProfileView.swift in Sources */ = {isa = PBXBuildFile; fileRef = 5A2C653423DCB59E00D53FD0 /* ProfileView.swift */; };
		5A2C653723DCB5D200D53FD0 /* LoginView.swift in Sources */ = {isa = PBXBuildFile; fileRef = 5A2C653623DCB5D200D53FD0 /* LoginView.swift */; };
		5A2C653B23DCD37A00D53FD0 /* BarcodeScannerView.swift in Sources */ = {isa = PBXBuildFile; fileRef = 5A2C653A23DCD37A00D53FD0 /* BarcodeScannerView.swift */; };
		5A2C653D23DCDE2600D53FD0 /* ProfileHeaderView.swift in Sources */ = {isa = PBXBuildFile; fileRef = 5A2C653C23DCDE2600D53FD0 /* ProfileHeaderView.swift */; };
		5A2C653F23DCE94000D53FD0 /* EditButton.swift in Sources */ = {isa = PBXBuildFile; fileRef = 5A2C653E23DCE94000D53FD0 /* EditButton.swift */; };
		5A2C654123DCE98000D53FD0 /* SettingsButton.swift in Sources */ = {isa = PBXBuildFile; fileRef = 5A2C654023DCE98000D53FD0 /* SettingsButton.swift */; };
		5A2C654323DCEB8C00D53FD0 /* ProfileSummaryView.swift in Sources */ = {isa = PBXBuildFile; fileRef = 5A2C654223DCEB8C00D53FD0 /* ProfileSummaryView.swift */; };
		5A2C654623DCEEF100D53FD0 /* SwiftUICharts in Frameworks */ = {isa = PBXBuildFile; productRef = 5A2C654523DCEEF100D53FD0 /* SwiftUICharts */; };
		5A2C654823DD429400D53FD0 /* HttpRequest.swift in Sources */ = {isa = PBXBuildFile; fileRef = 5A2C654723DD429400D53FD0 /* HttpRequest.swift */; };
		5A2C654A23DDD10700D53FD0 /* ProgressBar.swift in Sources */ = {isa = PBXBuildFile; fileRef = 5A2C654923DDD10700D53FD0 /* ProgressBar.swift */; };
		5A2C654C23DDD17600D53FD0 /* LeaderboardSelectionView.swift in Sources */ = {isa = PBXBuildFile; fileRef = 5A2C654B23DDD17600D53FD0 /* LeaderboardSelectionView.swift */; };
		5A2C654E23DDD18700D53FD0 /* User.swift in Sources */ = {isa = PBXBuildFile; fileRef = 5A2C654D23DDD18700D53FD0 /* User.swift */; };
		5A2C655023DDD5C800D53FD0 /* LeaderboardCell.swift in Sources */ = {isa = PBXBuildFile; fileRef = 5A2C654F23DDD5C800D53FD0 /* LeaderboardCell.swift */; };
		6B956B5A5B9715AD0E29F46C /* Pods_Rippl.framework in Frameworks */ = {isa = PBXBuildFile; fileRef = C070B510DB5AFF1C6DD62EC7 /* Pods_Rippl.framework */; };
/* End PBXBuildFile section */

/* Begin PBXFileReference section */
		1F11DF7214A8B7A8A7B9F1D8 /* Pods-Rippl.release.xcconfig */ = {isa = PBXFileReference; includeInIndex = 1; lastKnownFileType = text.xcconfig; name = "Pods-Rippl.release.xcconfig"; path = "Target Support Files/Pods-Rippl/Pods-Rippl.release.xcconfig"; sourceTree = "<group>"; };
		23D5DD4286B88EC5C0C59862 /* Pods-Rippl.debug.xcconfig */ = {isa = PBXFileReference; includeInIndex = 1; lastKnownFileType = text.xcconfig; name = "Pods-Rippl.debug.xcconfig"; path = "Target Support Files/Pods-Rippl/Pods-Rippl.debug.xcconfig"; sourceTree = "<group>"; };
		5A2C651723DCB4C800D53FD0 /* Rippl.app */ = {isa = PBXFileReference; explicitFileType = wrapper.application; includeInIndex = 0; path = Rippl.app; sourceTree = BUILT_PRODUCTS_DIR; };
		5A2C651A23DCB4C800D53FD0 /* AppDelegate.swift */ = {isa = PBXFileReference; lastKnownFileType = sourcecode.swift; path = AppDelegate.swift; sourceTree = "<group>"; };
		5A2C651C23DCB4C800D53FD0 /* SceneDelegate.swift */ = {isa = PBXFileReference; lastKnownFileType = sourcecode.swift; path = SceneDelegate.swift; sourceTree = "<group>"; };
		5A2C651E23DCB4C800D53FD0 /* ContentView.swift */ = {isa = PBXFileReference; lastKnownFileType = sourcecode.swift; path = ContentView.swift; sourceTree = "<group>"; };
		5A2C652023DCB4C900D53FD0 /* Assets.xcassets */ = {isa = PBXFileReference; lastKnownFileType = folder.assetcatalog; path = Assets.xcassets; sourceTree = "<group>"; };
		5A2C652323DCB4C900D53FD0 /* Preview Assets.xcassets */ = {isa = PBXFileReference; lastKnownFileType = folder.assetcatalog; path = "Preview Assets.xcassets"; sourceTree = "<group>"; };
		5A2C652623DCB4C900D53FD0 /* Base */ = {isa = PBXFileReference; lastKnownFileType = file.storyboard; name = Base; path = Base.lproj/LaunchScreen.storyboard; sourceTree = "<group>"; };
		5A2C652823DCB4C900D53FD0 /* Info.plist */ = {isa = PBXFileReference; lastKnownFileType = text.plist.xml; path = Info.plist; sourceTree = "<group>"; };
		5A2C652E23DCB51700D53FD0 /* UserDataModel.swift */ = {isa = PBXFileReference; lastKnownFileType = sourcecode.swift; path = UserDataModel.swift; sourceTree = "<group>"; };
		5A2C653023DCB57C00D53FD0 /* CaptureView.swift */ = {isa = PBXFileReference; lastKnownFileType = sourcecode.swift; path = CaptureView.swift; sourceTree = "<group>"; };
		5A2C653223DCB59700D53FD0 /* LeaderboardView.swift */ = {isa = PBXFileReference; lastKnownFileType = sourcecode.swift; path = LeaderboardView.swift; sourceTree = "<group>"; };
		5A2C653423DCB59E00D53FD0 /* ProfileView.swift */ = {isa = PBXFileReference; lastKnownFileType = sourcecode.swift; path = ProfileView.swift; sourceTree = "<group>"; };
		5A2C653623DCB5D200D53FD0 /* LoginView.swift */ = {isa = PBXFileReference; lastKnownFileType = sourcecode.swift; path = LoginView.swift; sourceTree = "<group>"; };
		5A2C653A23DCD37A00D53FD0 /* BarcodeScannerView.swift */ = {isa = PBXFileReference; lastKnownFileType = sourcecode.swift; path = BarcodeScannerView.swift; sourceTree = "<group>"; };
		5A2C653C23DCDE2600D53FD0 /* ProfileHeaderView.swift */ = {isa = PBXFileReference; lastKnownFileType = sourcecode.swift; path = ProfileHeaderView.swift; sourceTree = "<group>"; };
		5A2C653E23DCE94000D53FD0 /* EditButton.swift */ = {isa = PBXFileReference; lastKnownFileType = sourcecode.swift; path = EditButton.swift; sourceTree = "<group>"; };
		5A2C654023DCE98000D53FD0 /* SettingsButton.swift */ = {isa = PBXFileReference; lastKnownFileType = sourcecode.swift; path = SettingsButton.swift; sourceTree = "<group>"; };
		5A2C654223DCEB8C00D53FD0 /* ProfileSummaryView.swift */ = {isa = PBXFileReference; lastKnownFileType = sourcecode.swift; path = ProfileSummaryView.swift; sourceTree = "<group>"; };
		5A2C654723DD429400D53FD0 /* HttpRequest.swift */ = {isa = PBXFileReference; fileEncoding = 4; lastKnownFileType = sourcecode.swift; name = HttpRequest.swift; path = ../../../../Personal/iOS/MusificationSwiftUI/MusificationSwiftUIApp/MusificationSwiftUI/Requests/HttpRequest.swift; sourceTree = "<group>"; };
		5A2C654923DDD10700D53FD0 /* ProgressBar.swift */ = {isa = PBXFileReference; lastKnownFileType = sourcecode.swift; path = ProgressBar.swift; sourceTree = "<group>"; };
		5A2C654B23DDD17600D53FD0 /* LeaderboardSelectionView.swift */ = {isa = PBXFileReference; lastKnownFileType = sourcecode.swift; path = LeaderboardSelectionView.swift; sourceTree = "<group>"; };
		5A2C654D23DDD18700D53FD0 /* User.swift */ = {isa = PBXFileReference; lastKnownFileType = sourcecode.swift; path = User.swift; sourceTree = "<group>"; };
		5A2C654F23DDD5C800D53FD0 /* LeaderboardCell.swift */ = {isa = PBXFileReference; lastKnownFileType = sourcecode.swift; path = LeaderboardCell.swift; sourceTree = "<group>"; };
		C070B510DB5AFF1C6DD62EC7 /* Pods_Rippl.framework */ = {isa = PBXFileReference; explicitFileType = wrapper.framework; includeInIndex = 0; path = Pods_Rippl.framework; sourceTree = BUILT_PRODUCTS_DIR; };
/* End PBXFileReference section */

/* Begin PBXFrameworksBuildPhase section */
		5A2C651423DCB4C800D53FD0 /* Frameworks */ = {
			isa = PBXFrameworksBuildPhase;
			buildActionMask = 2147483647;
			files = (
				6B956B5A5B9715AD0E29F46C /* Pods_Rippl.framework in Frameworks */,
				5A2C654623DCEEF100D53FD0 /* SwiftUICharts in Frameworks */,
			);
			runOnlyForDeploymentPostprocessing = 0;
		};
/* End PBXFrameworksBuildPhase section */

/* Begin PBXGroup section */
		448EBF33BDCD01E328DF6E05 /* Pods */ = {
			isa = PBXGroup;
			children = (
				23D5DD4286B88EC5C0C59862 /* Pods-Rippl.debug.xcconfig */,
				1F11DF7214A8B7A8A7B9F1D8 /* Pods-Rippl.release.xcconfig */,
			);
			path = Pods;
			sourceTree = "<group>";
		};
		5A2C650E23DCB4C800D53FD0 = {
			isa = PBXGroup;
			children = (
				5A2C651923DCB4C800D53FD0 /* Rippl */,
				5A2C651823DCB4C800D53FD0 /* Products */,
				448EBF33BDCD01E328DF6E05 /* Pods */,
				EABB0059AA29425005099311 /* Frameworks */,
			);
			sourceTree = "<group>";
		};
		5A2C651823DCB4C800D53FD0 /* Products */ = {
			isa = PBXGroup;
			children = (
				5A2C651723DCB4C800D53FD0 /* Rippl.app */,
			);
			name = Products;
			sourceTree = "<group>";
		};
		5A2C651923DCB4C800D53FD0 /* Rippl */ = {
			isa = PBXGroup;
			children = (
				5A2C651A23DCB4C800D53FD0 /* AppDelegate.swift */,
				5A2C651C23DCB4C800D53FD0 /* SceneDelegate.swift */,
				5A2C653A23DCD37A00D53FD0 /* BarcodeScannerView.swift */,
				5A2C651E23DCB4C800D53FD0 /* ContentView.swift */,
				5A2C653623DCB5D200D53FD0 /* LoginView.swift */,
				5A2C653023DCB57C00D53FD0 /* CaptureView.swift */,
				5A2C653223DCB59700D53FD0 /* LeaderboardView.swift */,
				5A2C654B23DDD17600D53FD0 /* LeaderboardSelectionView.swift */,
				5A2C654F23DDD5C800D53FD0 /* LeaderboardCell.swift */,
				5A2C654D23DDD18700D53FD0 /* User.swift */,
				5A2C653423DCB59E00D53FD0 /* ProfileView.swift */,
				5A2C653C23DCDE2600D53FD0 /* ProfileHeaderView.swift */,
				5A2C654923DDD10700D53FD0 /* ProgressBar.swift */,
				5A2C654223DCEB8C00D53FD0 /* ProfileSummaryView.swift */,
				5A2C653E23DCE94000D53FD0 /* EditButton.swift */,
				5A2C654023DCE98000D53FD0 /* SettingsButton.swift */,
				5A2C652E23DCB51700D53FD0 /* UserDataModel.swift */,
				5A2C654723DD429400D53FD0 /* HttpRequest.swift */,
				5A2C652023DCB4C900D53FD0 /* Assets.xcassets */,
				5A2C652523DCB4C900D53FD0 /* LaunchScreen.storyboard */,
				5A2C652823DCB4C900D53FD0 /* Info.plist */,
				5A2C652223DCB4C900D53FD0 /* Preview Content */,
			);
			path = Rippl;
			sourceTree = "<group>";
		};
		5A2C652223DCB4C900D53FD0 /* Preview Content */ = {
			isa = PBXGroup;
			children = (
				5A2C652323DCB4C900D53FD0 /* Preview Assets.xcassets */,
			);
			path = "Preview Content";
			sourceTree = "<group>";
		};
		EABB0059AA29425005099311 /* Frameworks */ = {
			isa = PBXGroup;
			children = (
				C070B510DB5AFF1C6DD62EC7 /* Pods_Rippl.framework */,
			);
			name = Frameworks;
			sourceTree = "<group>";
		};
/* End PBXGroup section */

/* Begin PBXNativeTarget section */
		5A2C651623DCB4C800D53FD0 /* Rippl */ = {
			isa = PBXNativeTarget;
			buildConfigurationList = 5A2C652B23DCB4C900D53FD0 /* Build configuration list for PBXNativeTarget "Rippl" */;
			buildPhases = (
				8EC1F83A2F7791ED67BD7705 /* [CP] Check Pods Manifest.lock */,
				5A2C651323DCB4C800D53FD0 /* Sources */,
				5A2C651423DCB4C800D53FD0 /* Frameworks */,
				5A2C651523DCB4C800D53FD0 /* Resources */,
				16E9A86C57D6AD485CD09DA1 /* [CP] Embed Pods Frameworks */,
			);
			buildRules = (
			);
			dependencies = (
			);
			name = Rippl;
			packageProductDependencies = (
				5A2C654523DCEEF100D53FD0 /* SwiftUICharts */,
			);
			productName = Rippl;
			productReference = 5A2C651723DCB4C800D53FD0 /* Rippl.app */;
			productType = "com.apple.product-type.application";
		};
/* End PBXNativeTarget section */

/* Begin PBXProject section */
		5A2C650F23DCB4C800D53FD0 /* Project object */ = {
			isa = PBXProject;
			attributes = {
				LastSwiftUpdateCheck = 1130;
				LastUpgradeCheck = 1130;
				ORGANIZATIONNAME = Rippl;
				TargetAttributes = {
					5A2C651623DCB4C800D53FD0 = {
						CreatedOnToolsVersion = 11.3.1;
					};
				};
			};
			buildConfigurationList = 5A2C651223DCB4C800D53FD0 /* Build configuration list for PBXProject "Rippl" */;
			compatibilityVersion = "Xcode 9.3";
			developmentRegion = en;
			hasScannedForEncodings = 0;
			knownRegions = (
				en,
				Base,
			);
			mainGroup = 5A2C650E23DCB4C800D53FD0;
			packageReferences = (
				5A2C654423DCEEF100D53FD0 /* XCRemoteSwiftPackageReference "ChartView" */,
			);
			productRefGroup = 5A2C651823DCB4C800D53FD0 /* Products */;
			projectDirPath = "";
			projectRoot = "";
			targets = (
				5A2C651623DCB4C800D53FD0 /* Rippl */,
			);
		};
/* End PBXProject section */

/* Begin PBXResourcesBuildPhase section */
		5A2C651523DCB4C800D53FD0 /* Resources */ = {
			isa = PBXResourcesBuildPhase;
			buildActionMask = 2147483647;
			files = (
				5A2C652723DCB4C900D53FD0 /* LaunchScreen.storyboard in Resources */,
				5A2C652423DCB4C900D53FD0 /* Preview Assets.xcassets in Resources */,
				5A2C652123DCB4C900D53FD0 /* Assets.xcassets in Resources */,
			);
			runOnlyForDeploymentPostprocessing = 0;
		};
/* End PBXResourcesBuildPhase section */

/* Begin PBXShellScriptBuildPhase section */
		16E9A86C57D6AD485CD09DA1 /* [CP] Embed Pods Frameworks */ = {
			isa = PBXShellScriptBuildPhase;
			buildActionMask = 2147483647;
			files = (
			);
			inputFileListPaths = (
				"${PODS_ROOT}/Target Support Files/Pods-Rippl/Pods-Rippl-frameworks-${CONFIGURATION}-input-files.xcfilelist",
			);
			name = "[CP] Embed Pods Frameworks";
			outputFileListPaths = (
				"${PODS_ROOT}/Target Support Files/Pods-Rippl/Pods-Rippl-frameworks-${CONFIGURATION}-output-files.xcfilelist",
			);
			runOnlyForDeploymentPostprocessing = 0;
			shellPath = /bin/sh;
			shellScript = "\"${PODS_ROOT}/Target Support Files/Pods-Rippl/Pods-Rippl-frameworks.sh\"\n";
			showEnvVarsInLog = 0;
		};
		8EC1F83A2F7791ED67BD7705 /* [CP] Check Pods Manifest.lock */ = {
			isa = PBXShellScriptBuildPhase;
			buildActionMask = 2147483647;
			files = (
			);
			inputFileListPaths = (
			);
			inputPaths = (
				"${PODS_PODFILE_DIR_PATH}/Podfile.lock",
				"${PODS_ROOT}/Manifest.lock",
			);
			name = "[CP] Check Pods Manifest.lock";
			outputFileListPaths = (
			);
			outputPaths = (
				"$(DERIVED_FILE_DIR)/Pods-Rippl-checkManifestLockResult.txt",
			);
			runOnlyForDeploymentPostprocessing = 0;
			shellPath = /bin/sh;
			shellScript = "diff \"${PODS_PODFILE_DIR_PATH}/Podfile.lock\" \"${PODS_ROOT}/Manifest.lock\" > /dev/null\nif [ $? != 0 ] ; then\n    # print error to STDERR\n    echo \"error: The sandbox is not in sync with the Podfile.lock. Run 'pod install' or update your CocoaPods installation.\" >&2\n    exit 1\nfi\n# This output is used by Xcode 'outputs' to avoid re-running this script phase.\necho \"SUCCESS\" > \"${SCRIPT_OUTPUT_FILE_0}\"\n";
			showEnvVarsInLog = 0;
		};
/* End PBXShellScriptBuildPhase section */

/* Begin PBXSourcesBuildPhase section */
		5A2C651323DCB4C800D53FD0 /* Sources */ = {
			isa = PBXSourcesBuildPhase;
			buildActionMask = 2147483647;
			files = (
				5A2C652F23DCB51700D53FD0 /* UserDataModel.swift in Sources */,
				5A2C655023DDD5C800D53FD0 /* LeaderboardCell.swift in Sources */,
				5A2C651B23DCB4C800D53FD0 /* AppDelegate.swift in Sources */,
				5A2C651D23DCB4C800D53FD0 /* SceneDelegate.swift in Sources */,
				5A2C653F23DCE94000D53FD0 /* EditButton.swift in Sources */,
				5A2C654123DCE98000D53FD0 /* SettingsButton.swift in Sources */,
				5A2C654823DD429400D53FD0 /* HttpRequest.swift in Sources */,
				5A2C654323DCEB8C00D53FD0 /* ProfileSummaryView.swift in Sources */,
				5A2C654E23DDD18700D53FD0 /* User.swift in Sources */,
				5A2C651F23DCB4C800D53FD0 /* ContentView.swift in Sources */,
				5A2C653323DCB59700D53FD0 /* LeaderboardView.swift in Sources */,
				5A2C653523DCB59E00D53FD0 /* ProfileView.swift in Sources */,
				5A2C653B23DCD37A00D53FD0 /* BarcodeScannerView.swift in Sources */,
				5A2C653D23DCDE2600D53FD0 /* ProfileHeaderView.swift in Sources */,
				5A2C653723DCB5D200D53FD0 /* LoginView.swift in Sources */,
				5A2C654A23DDD10700D53FD0 /* ProgressBar.swift in Sources */,
				5A2C653123DCB57C00D53FD0 /* CaptureView.swift in Sources */,
				5A2C654C23DDD17600D53FD0 /* LeaderboardSelectionView.swift in Sources */,
			);
			runOnlyForDeploymentPostprocessing = 0;
		};
/* End PBXSourcesBuildPhase section */

/* Begin PBXVariantGroup section */
		5A2C652523DCB4C900D53FD0 /* LaunchScreen.storyboard */ = {
			isa = PBXVariantGroup;
			children = (
				5A2C652623DCB4C900D53FD0 /* Base */,
			);
			name = LaunchScreen.storyboard;
			sourceTree = "<group>";
		};
/* End PBXVariantGroup section */

/* Begin XCBuildConfiguration section */
		5A2C652923DCB4C900D53FD0 /* Debug */ = {
			isa = XCBuildConfiguration;
			buildSettings = {
				ALWAYS_SEARCH_USER_PATHS = NO;
				CLANG_ANALYZER_NONNULL = YES;
				CLANG_ANALYZER_NUMBER_OBJECT_CONVERSION = YES_AGGRESSIVE;
				CLANG_CXX_LANGUAGE_STANDARD = "gnu++14";
				CLANG_CXX_LIBRARY = "libc++";
				CLANG_ENABLE_MODULES = YES;
				CLANG_ENABLE_OBJC_ARC = YES;
				CLANG_ENABLE_OBJC_WEAK = YES;
				CLANG_WARN_BLOCK_CAPTURE_AUTORELEASING = YES;
				CLANG_WARN_BOOL_CONVERSION = YES;
				CLANG_WARN_COMMA = YES;
				CLANG_WARN_CONSTANT_CONVERSION = YES;
				CLANG_WARN_DEPRECATED_OBJC_IMPLEMENTATIONS = YES;
				CLANG_WARN_DIRECT_OBJC_ISA_USAGE = YES_ERROR;
				CLANG_WARN_DOCUMENTATION_COMMENTS = YES;
				CLANG_WARN_EMPTY_BODY = YES;
				CLANG_WARN_ENUM_CONVERSION = YES;
				CLANG_WARN_INFINITE_RECURSION = YES;
				CLANG_WARN_INT_CONVERSION = YES;
				CLANG_WARN_NON_LITERAL_NULL_CONVERSION = YES;
				CLANG_WARN_OBJC_IMPLICIT_RETAIN_SELF = YES;
				CLANG_WARN_OBJC_LITERAL_CONVERSION = YES;
				CLANG_WARN_OBJC_ROOT_CLASS = YES_ERROR;
				CLANG_WARN_RANGE_LOOP_ANALYSIS = YES;
				CLANG_WARN_STRICT_PROTOTYPES = YES;
				CLANG_WARN_SUSPICIOUS_MOVE = YES;
				CLANG_WARN_UNGUARDED_AVAILABILITY = YES_AGGRESSIVE;
				CLANG_WARN_UNREACHABLE_CODE = YES;
				CLANG_WARN__DUPLICATE_METHOD_MATCH = YES;
				COPY_PHASE_STRIP = NO;
				DEBUG_INFORMATION_FORMAT = dwarf;
				ENABLE_STRICT_OBJC_MSGSEND = YES;
				ENABLE_TESTABILITY = YES;
				GCC_C_LANGUAGE_STANDARD = gnu11;
				GCC_DYNAMIC_NO_PIC = NO;
				GCC_NO_COMMON_BLOCKS = YES;
				GCC_OPTIMIZATION_LEVEL = 0;
				GCC_PREPROCESSOR_DEFINITIONS = (
					"DEBUG=1",
					"$(inherited)",
				);
				GCC_WARN_64_TO_32_BIT_CONVERSION = YES;
				GCC_WARN_ABOUT_RETURN_TYPE = YES_ERROR;
				GCC_WARN_UNDECLARED_SELECTOR = YES;
				GCC_WARN_UNINITIALIZED_AUTOS = YES_AGGRESSIVE;
				GCC_WARN_UNUSED_FUNCTION = YES;
				GCC_WARN_UNUSED_VARIABLE = YES;
				IPHONEOS_DEPLOYMENT_TARGET = 13.2;
				MTL_ENABLE_DEBUG_INFO = INCLUDE_SOURCE;
				MTL_FAST_MATH = YES;
				ONLY_ACTIVE_ARCH = YES;
				SDKROOT = iphoneos;
				SWIFT_ACTIVE_COMPILATION_CONDITIONS = DEBUG;
				SWIFT_OPTIMIZATION_LEVEL = "-Onone";
			};
			name = Debug;
		};
		5A2C652A23DCB4C900D53FD0 /* Release */ = {
			isa = XCBuildConfiguration;
			buildSettings = {
				ALWAYS_SEARCH_USER_PATHS = NO;
				CLANG_ANALYZER_NONNULL = YES;
				CLANG_ANALYZER_NUMBER_OBJECT_CONVERSION = YES_AGGRESSIVE;
				CLANG_CXX_LANGUAGE_STANDARD = "gnu++14";
				CLANG_CXX_LIBRARY = "libc++";
				CLANG_ENABLE_MODULES = YES;
				CLANG_ENABLE_OBJC_ARC = YES;
				CLANG_ENABLE_OBJC_WEAK = YES;
				CLANG_WARN_BLOCK_CAPTURE_AUTORELEASING = YES;
				CLANG_WARN_BOOL_CONVERSION = YES;
				CLANG_WARN_COMMA = YES;
				CLANG_WARN_CONSTANT_CONVERSION = YES;
				CLANG_WARN_DEPRECATED_OBJC_IMPLEMENTATIONS = YES;
				CLANG_WARN_DIRECT_OBJC_ISA_USAGE = YES_ERROR;
				CLANG_WARN_DOCUMENTATION_COMMENTS = YES;
				CLANG_WARN_EMPTY_BODY = YES;
				CLANG_WARN_ENUM_CONVERSION = YES;
				CLANG_WARN_INFINITE_RECURSION = YES;
				CLANG_WARN_INT_CONVERSION = YES;
				CLANG_WARN_NON_LITERAL_NULL_CONVERSION = YES;
				CLANG_WARN_OBJC_IMPLICIT_RETAIN_SELF = YES;
				CLANG_WARN_OBJC_LITERAL_CONVERSION = YES;
				CLANG_WARN_OBJC_ROOT_CLASS = YES_ERROR;
				CLANG_WARN_RANGE_LOOP_ANALYSIS = YES;
				CLANG_WARN_STRICT_PROTOTYPES = YES;
				CLANG_WARN_SUSPICIOUS_MOVE = YES;
				CLANG_WARN_UNGUARDED_AVAILABILITY = YES_AGGRESSIVE;
				CLANG_WARN_UNREACHABLE_CODE = YES;
				CLANG_WARN__DUPLICATE_METHOD_MATCH = YES;
				COPY_PHASE_STRIP = NO;
				DEBUG_INFORMATION_FORMAT = "dwarf-with-dsym";
				ENABLE_NS_ASSERTIONS = NO;
				ENABLE_STRICT_OBJC_MSGSEND = YES;
				GCC_C_LANGUAGE_STANDARD = gnu11;
				GCC_NO_COMMON_BLOCKS = YES;
				GCC_WARN_64_TO_32_BIT_CONVERSION = YES;
				GCC_WARN_ABOUT_RETURN_TYPE = YES_ERROR;
				GCC_WARN_UNDECLARED_SELECTOR = YES;
				GCC_WARN_UNINITIALIZED_AUTOS = YES_AGGRESSIVE;
				GCC_WARN_UNUSED_FUNCTION = YES;
				GCC_WARN_UNUSED_VARIABLE = YES;
				IPHONEOS_DEPLOYMENT_TARGET = 13.2;
				MTL_ENABLE_DEBUG_INFO = NO;
				MTL_FAST_MATH = YES;
				SDKROOT = iphoneos;
				SWIFT_COMPILATION_MODE = wholemodule;
				SWIFT_OPTIMIZATION_LEVEL = "-O";
				VALIDATE_PRODUCT = YES;
			};
			name = Release;
		};
		5A2C652C23DCB4C900D53FD0 /* Debug */ = {
			isa = XCBuildConfiguration;
			baseConfigurationReference = 23D5DD4286B88EC5C0C59862 /* Pods-Rippl.debug.xcconfig */;
			buildSettings = {
				ASSETCATALOG_COMPILER_APPICON_NAME = AppIcon;
				CODE_SIGN_STYLE = Automatic;
				DEVELOPMENT_ASSET_PATHS = "\"Rippl/Preview Content\"";
				DEVELOPMENT_TEAM = 5XC5483PFF;
				ENABLE_PREVIEWS = YES;
				INFOPLIST_FILE = Rippl/Info.plist;
				LD_RUNPATH_SEARCH_PATHS = (
					"$(inherited)",
					"@executable_path/Frameworks",
				);
				PRODUCT_BUNDLE_IDENTIFIER = com.RahilPatel.Rippl;
				PRODUCT_NAME = "$(TARGET_NAME)";
				SWIFT_VERSION = 5.0;
				TARGETED_DEVICE_FAMILY = "1,2";
			};
			name = Debug;
		};
		5A2C652D23DCB4C900D53FD0 /* Release */ = {
			isa = XCBuildConfiguration;
			baseConfigurationReference = 1F11DF7214A8B7A8A7B9F1D8 /* Pods-Rippl.release.xcconfig */;
			buildSettings = {
				ASSETCATALOG_COMPILER_APPICON_NAME = AppIcon;
				CODE_SIGN_STYLE = Automatic;
				DEVELOPMENT_ASSET_PATHS = "\"Rippl/Preview Content\"";
				DEVELOPMENT_TEAM = 5XC5483PFF;
				ENABLE_PREVIEWS = YES;
				INFOPLIST_FILE = Rippl/Info.plist;
				LD_RUNPATH_SEARCH_PATHS = (
					"$(inherited)",
					"@executable_path/Frameworks",
				);
				PRODUCT_BUNDLE_IDENTIFIER = com.RahilPatel.Rippl;
				PRODUCT_NAME = "$(TARGET_NAME)";
				SWIFT_VERSION = 5.0;
				TARGETED_DEVICE_FAMILY = "1,2";
			};
			name = Release;
		};
/* End XCBuildConfiguration section */

/* Begin XCConfigurationList section */
		5A2C651223DCB4C800D53FD0 /* Build configuration list for PBXProject "Rippl" */ = {
			isa = XCConfigurationList;
			buildConfigurations = (
				5A2C652923DCB4C900D53FD0 /* Debug */,
				5A2C652A23DCB4C900D53FD0 /* Release */,
			);
			defaultConfigurationIsVisible = 0;
			defaultConfigurationName = Release;
		};
		5A2C652B23DCB4C900D53FD0 /* Build configuration list for PBXNativeTarget "Rippl" */ = {
			isa = XCConfigurationList;
			buildConfigurations = (
				5A2C652C23DCB4C900D53FD0 /* Debug */,
				5A2C652D23DCB4C900D53FD0 /* Release */,
			);
			defaultConfigurationIsVisible = 0;
			defaultConfigurationName = Release;
		};
/* End XCConfigurationList section */

/* Begin XCRemoteSwiftPackageReference section */
		5A2C654423DCEEF100D53FD0 /* XCRemoteSwiftPackageReference "ChartView" */ = {
			isa = XCRemoteSwiftPackageReference;
			repositoryURL = "https://github.com/AppPear/ChartView";
			requirement = {
				kind = upToNextMajorVersion;
				minimumVersion = 1.4.7;
			};
		};
/* End XCRemoteSwiftPackageReference section */

/* Begin XCSwiftPackageProductDependency section */
		5A2C654523DCEEF100D53FD0 /* SwiftUICharts */ = {
			isa = XCSwiftPackageProductDependency;
			package = 5A2C654423DCEEF100D53FD0 /* XCRemoteSwiftPackageReference "ChartView" */;
			productName = SwiftUICharts;
		};
/* End XCSwiftPackageProductDependency section */
	};
	rootObject = 5A2C650F23DCB4C800D53FD0 /* Project object */;
}
